{
    "name": "typescript_stu3",
    "version": "1.0.0",
    "lockfileVersion": 1,
    "dependencies": {
        "@types/node": {
            "version": "8.0.7",
            "resolved": "http://registry.npm.taobao.org/@types/node/download/@types/node-8.0.7.tgz",
            "integrity": "sha1-+wrQS1tvbqvgNyoyqPH7ulwTDK4="
        }
    }
}
